// !$*UTF8*$!
{
	archiveVersion = 1;
	classes = {
	};
	objectVersion = 46;
	objects = {

/* Begin PBXBuildFile section */
		0C7BE372345CD291C79252A8 /* libPods.a in Frameworks */ = {isa = PBXBuildFile; fileRef = A262F6D0CD50516B3321BDC9 /* libPods.a */; };
		4885C6941B63A27C00337FA2 /* main.m in Sources */ = {isa = PBXBuildFile; fileRef = 4885C6931B63A27C00337FA2 /* main.m */; };
		4885C6971B63A27C00337FA2 /* AppDelegate.m in Sources */ = {isa = PBXBuildFile; fileRef = 4885C6961B63A27C00337FA2 /* AppDelegate.m */; };
		4885C69A1B63A27C00337FA2 /* ViewController.m in Sources */ = {isa = PBXBuildFile; fileRef = 4885C6991B63A27C00337FA2 /* ViewController.m */; };
		4885C69D1B63A27C00337FA2 /* Main.storyboard in Resources */ = {isa = PBXBuildFile; fileRef = 4885C69B1B63A27C00337FA2 /* Main.storyboard */; };
		4885C69F1B63A27C00337FA2 /* Images.xcassets in Resources */ = {isa = PBXBuildFile; fileRef = 4885C69E1B63A27C00337FA2 /* Images.xcassets */; };
		4885C6A21B63A27C00337FA2 /* LaunchScreen.xib in Resources */ = {isa = PBXBuildFile; fileRef = 4885C6A01B63A27C00337FA2 /* LaunchScreen.xib */; };
		4885C6AE1B63A27C00337FA2 /* WeatherByOCTests.m in Sources */ = {isa = PBXBuildFile; fileRef = 4885C6AD1B63A27C00337FA2 /* WeatherByOCTests.m */; };
		4885C6C81B63A46100337FA2 /* Cloud-Refresh.png in Resources */ = {isa = PBXBuildFile; fileRef = 4885C6B81B63A46100337FA2 /* Cloud-Refresh.png */; };
		4885C6C91B63A46100337FA2 /* cloudy2.png in Resources */ = {isa = PBXBuildFile; fileRef = 4885C6B91B63A46100337FA2 /* cloudy2.png */; };
		4885C6CA1B63A46100337FA2 /* cloudy2_night.png in Resources */ = {isa = PBXBuildFile; fileRef = 4885C6BA1B63A46100337FA2 /* cloudy2_night.png */; };
		4885C6CB1B63A46100337FA2 /* dunno.png in Resources */ = {isa = PBXBuildFile; fileRef = 4885C6BB1B63A46100337FA2 /* dunno.png */; };
		4885C6CC1B63A46100337FA2 /* fog.png in Resources */ = {isa = PBXBuildFile; fileRef = 4885C6BC1B63A46100337FA2 /* fog.png */; };
		4885C6CD1B63A46100337FA2 /* fog_night.png in Resources */ = {isa = PBXBuildFile; fileRef = 4885C6BD1B63A46100337FA2 /* fog_night.png */; };
		4885C6CE1B63A46100337FA2 /* light_rain.png in Resources */ = {isa = PBXBuildFile; fileRef = 4885C6BE1B63A46100337FA2 /* light_rain.png */; };
		4885C6CF1B63A46100337FA2 /* overcast.png in Resources */ = {isa = PBXBuildFile; fileRef = 4885C6BF1B63A46100337FA2 /* overcast.png */; };
		4885C6D01B63A46100337FA2 /* shower3.png in Resources */ = {isa = PBXBuildFile; fileRef = 4885C6C01B63A46100337FA2 /* shower3.png */; };
		4885C6D11B63A46100337FA2 /* snow4.png in Resources */ = {isa = PBXBuildFile; fileRef = 4885C6C11B63A46100337FA2 /* snow4.png */; };
		4885C6D21B63A46100337FA2 /* snow5.png in Resources */ = {isa = PBXBuildFile; fileRef = 4885C6C21B63A46100337FA2 /* snow5.png */; };
		4885C6D31B63A46100337FA2 /* sunny.png in Resources */ = {isa = PBXBuildFile; fileRef = 4885C6C31B63A46100337FA2 /* sunny.png */; };
		4885C6D41B63A46100337FA2 /* sunny_night.png in Resources */ = {isa = PBXBuildFile; fileRef = 4885C6C41B63A46100337FA2 /* sunny_night.png */; };
		4885C6D51B63A46100337FA2 /* tstorm1.png in Resources */ = {isa = PBXBuildFile; fileRef = 4885C6C51B63A46100337FA2 /* tstorm1.png */; };
		4885C6D61B63A46100337FA2 /* tstorm1_night.png in Resources */ = {isa = PBXBuildFile; fileRef = 4885C6C61B63A46100337FA2 /* tstorm1_night.png */; };
		4885C6D71B63A46100337FA2 /* tstorm3.png in Resources */ = {isa = PBXBuildFile; fileRef = 4885C6C71B63A46100337FA2 /* tstorm3.png */; };
		4885C6D91B63A51800337FA2 /* background.jpg in Resources */ = {isa = PBXBuildFile; fileRef = 4885C6D81B63A51800337FA2 /* background.jpg */; };
		4885C6DC1B64D8D600337FA2 /* 1.png in Resources */ = {isa = PBXBuildFile; fileRef = 4885C6DB1B64D8D600337FA2 /* 1.png */; };
/* End PBXBuildFile section */

/* Begin PBXContainerItemProxy section */
		4885C6A81B63A27C00337FA2 /* PBXContainerItemProxy */ = {
			isa = PBXContainerItemProxy;
			containerPortal = 4885C6861B63A27C00337FA2 /* Project object */;
			proxyType = 1;
			remoteGlobalIDString = 4885C68D1B63A27C00337FA2;
			remoteInfo = WeatherByOC;
		};
/* End PBXContainerItemProxy section */

/* Begin PBXFileReference section */
		1AB3145FECD26AECE1A9BC0C /* Pods.debug.xcconfig */ = {isa = PBXFileReference; includeInIndex = 1; lastKnownFileType = text.xcconfig; name = Pods.debug.xcconfig; path = "Pods/Target Support Files/Pods/Pods.debug.xcconfig"; sourceTree = "<group>"; };
		4885C68E1B63A27C00337FA2 /* WeatherByOC.app */ = {isa = PBXFileReference; explicitFileType = wrapper.application; includeInIndex = 0; path = WeatherByOC.app; sourceTree = BUILT_PRODUCTS_DIR; };
		4885C6921B63A27C00337FA2 /* Info.plist */ = {isa = PBXFileReference; lastKnownFileType = text.plist.xml; path = Info.plist; sourceTree = "<group>"; };
		4885C6931B63A27C00337FA2 /* main.m */ = {isa = PBXFileReference; lastKnownFileType = sourcecode.c.objc; path = main.m; sourceTree = "<group>"; };
		4885C6951B63A27C00337FA2 /* AppDelegate.h */ = {isa = PBXFileReference; lastKnownFileType = sourcecode.c.h; path = AppDelegate.h; sourceTree = "<group>"; };
		4885C6961B63A27C00337FA2 /* AppDelegate.m */ = {isa = PBXFileReference; lastKnownFileType = sourcecode.c.objc; path = AppDelegate.m; sourceTree = "<group>"; };
		4885C6981B63A27C00337FA2 /* ViewController.h */ = {isa = PBXFileReference; lastKnownFileType = sourcecode.c.h; path = ViewController.h; sourceTree = "<group>"; };
		4885C6991B63A27C00337FA2 /* ViewController.m */ = {isa = PBXFileReference; lastKnownFileType = sourcecode.c.objc; path = ViewController.m; sourceTree = "<group>"; };
		4885C69C1B63A27C00337FA2 /* Base */ = {isa = PBXFileReference; lastKnownFileType = file.storyboard; name = Base; path = Base.lproj/Main.storyboard; sourceTree = "<group>"; };
		4885C69E1B63A27C00337FA2 /* Images.xcassets */ = {isa = PBXFileReference; lastKnownFileType = folder.assetcatalog; path = Images.xcassets; sourceTree = "<group>"; };
		4885C6A11B63A27C00337FA2 /* Base */ = {isa = PBXFileReference; lastKnownFileType = file.xib; name = Base; path = Base.lproj/LaunchScreen.xib; sourceTree = "<group>"; };
		4885C6A71B63A27C00337FA2 /* WeatherByOCTests.xctest */ = {isa = PBXFileReference; explicitFileType = wrapper.cfbundle; includeInIndex = 0; path = WeatherByOCTests.xctest; sourceTree = BUILT_PRODUCTS_DIR; };
		4885C6AC1B63A27C00337FA2 /* Info.plist */ = {isa = PBXFileReference; lastKnownFileType = text.plist.xml; path = Info.plist; sourceTree = "<group>"; };
		4885C6AD1B63A27C00337FA2 /* WeatherByOCTests.m */ = {isa = PBXFileReference; lastKnownFileType = sourcecode.c.objc; path = WeatherByOCTests.m; sourceTree = "<group>"; };
		4885C6B81B63A46100337FA2 /* Cloud-Refresh.png */ = {isa = PBXFileReference; lastKnownFileType = image.png; path = "Cloud-Refresh.png"; sourceTree = "<group>"; };
		4885C6B91B63A46100337FA2 /* cloudy2.png */ = {isa = PBXFileReference; lastKnownFileType = image.png; path = cloudy2.png; sourceTree = "<group>"; };
		4885C6BA1B63A46100337FA2 /* cloudy2_night.png */ = {isa = PBXFileReference; lastKnownFileType = image.png; path = cloudy2_night.png; sourceTree = "<group>"; };
		4885C6BB1B63A46100337FA2 /* dunno.png */ = {isa = PBXFileReference; lastKnownFileType = image.png; path = dunno.png; sourceTree = "<group>"; };
		4885C6BC1B63A46100337FA2 /* fog.png */ = {isa = PBXFileReference; lastKnownFileType = image.png; path = fog.png; sourceTree = "<group>"; };
		4885C6BD1B63A46100337FA2 /* fog_night.png */ = {isa = PBXFileReference; lastKnownFileType = image.png; path = fog_night.png; sourceTree = "<group>"; };
		4885C6BE1B63A46100337FA2 /* light_rain.png */ = {isa = PBXFileReference; lastKnownFileType = image.png; path = light_rain.png; sourceTree = "<group>"; };
		4885C6BF1B63A46100337FA2 /* overcast.png */ = {isa = PBXFileReference; lastKnownFileType = image.png; path = overcast.png; sourceTree = "<group>"; };
		4885C6C01B63A46100337FA2 /* shower3.png */ = {isa = PBXFileReference; lastKnownFileType = image.png; path = shower3.png; sourceTree = "<group>"; };
		4885C6C11B63A46100337FA2 /* snow4.png */ = {isa = PBXFileReference; lastKnownFileType = image.png; path = snow4.png; sourceTree = "<group>"; };
		4885C6C21B63A46100337FA2 /* snow5.png */ = {isa = PBXFileReference; lastKnownFileType = image.png; path = snow5.png; sourceTree = "<group>"; };
		4885C6C31B63A46100337FA2 /* sunny.png */ = {isa = PBXFileReference; lastKnownFileType = image.png; path = sunny.png; sourceTree = "<group>"; };
		4885C6C41B63A46100337FA2 /* sunny_night.png */ = {isa = PBXFileReference; lastKnownFileType = image.png; path = sunny_night.png; sourceTree = "<group>"; };
		4885C6C51B63A46100337FA2 /* tstorm1.png */ = {isa = PBXFileReference; lastKnownFileType = image.png; path = tstorm1.png; sourceTree = "<group>"; };
		4885C6C61B63A46100337FA2 /* tstorm1_night.png */ = {isa = PBXFileReference; lastKnownFileType = image.png; path = tstorm1_night.png; sourceTree = "<group>"; };
		4885C6C71B63A46100337FA2 /* tstorm3.png */ = {isa = PBXFileReference; lastKnownFileType = image.png; path = tstorm3.png; sourceTree = "<group>"; };
		4885C6D81B63A51800337FA2 /* background.jpg */ = {isa = PBXFileReference; lastKnownFileType = image.jpeg; path = background.jpg; sourceTree = "<group>"; };
		4885C6DB1B64D8D600337FA2 /* 1.png */ = {isa = PBXFileReference; lastKnownFileType = image.png; path = 1.png; sourceTree = "<group>"; };
		A262F6D0CD50516B3321BDC9 /* libPods.a */ = {isa = PBXFileReference; explicitFileType = archive.ar; includeInIndex = 0; path = libPods.a; sourceTree = BUILT_PRODUCTS_DIR; };
		C3BEFA82F0BA66C9AD7B6B12 /* Pods.release.xcconfig */ = {isa = PBXFileReference; includeInIndex = 1; lastKnownFileType = text.xcconfig; name = Pods.release.xcconfig; path = "Pods/Target Support Files/Pods/Pods.release.xcconfig"; sourceTree = "<group>"; };
/* End PBXFileReference section */

/* Begin PBXFrameworksBuildPhase section */
		4885C68B1B63A27C00337FA2 /* Frameworks */ = {
			isa = PBXFrameworksBuildPhase;
			buildActionMask = 2147483647;
			files = (
				0C7BE372345CD291C79252A8 /* libPods.a in Frameworks */,
			);
			runOnlyForDeploymentPostprocessing = 0;
		};
		4885C6A41B63A27C00337FA2 /* Frameworks */ = {
			isa = PBXFrameworksBuildPhase;
			buildActionMask = 2147483647;
			files = (
			);
			runOnlyForDeploymentPostprocessing = 0;
		};
/* End PBXFrameworksBuildPhase section */

/* Begin PBXGroup section */
		4885C6851B63A27C00337FA2 = {
			isa = PBXGroup;
			children = (
				4885C6901B63A27C00337FA2 /* WeatherByOC */,
				4885C6AA1B63A27C00337FA2 /* WeatherByOCTests */,
				4885C6DA1B64D8A700337FA2 /* ScreenShots */,
				4885C68F1B63A27C00337FA2 /* Products */,
				BE51EC22F7D1726B0D71596B /* Pods */,
				AEC796EEB23005227EAED5BF /* Frameworks */,
			);
			sourceTree = "<group>";
		};
		4885C68F1B63A27C00337FA2 /* Products */ = {
			isa = PBXGroup;
			children = (
				4885C68E1B63A27C00337FA2 /* WeatherByOC.app */,
				4885C6A71B63A27C00337FA2 /* WeatherByOCTests.xctest */,
			);
			name = Products;
			sourceTree = "<group>";
		};
		4885C6901B63A27C00337FA2 /* WeatherByOC */ = {
			isa = PBXGroup;
			children = (
				4885C6951B63A27C00337FA2 /* AppDelegate.h */,
				4885C6961B63A27C00337FA2 /* AppDelegate.m */,
				4885C6981B63A27C00337FA2 /* ViewController.h */,
				4885C6991B63A27C00337FA2 /* ViewController.m */,
				4885C69B1B63A27C00337FA2 /* Main.storyboard */,
				4885C69E1B63A27C00337FA2 /* Images.xcassets */,
				4885C6A01B63A27C00337FA2 /* LaunchScreen.xib */,
				4885C6B71B63A46100337FA2 /* images */,
				4885C6911B63A27C00337FA2 /* Supporting Files */,
			);
			path = WeatherByOC;
			sourceTree = "<group>";
		};
		4885C6911B63A27C00337FA2 /* Supporting Files */ = {
			isa = PBXGroup;
			children = (
				4885C6921B63A27C00337FA2 /* Info.plist */,
				4885C6931B63A27C00337FA2 /* main.m */,
			);
			name = "Supporting Files";
			sourceTree = "<group>";
		};
		4885C6AA1B63A27C00337FA2 /* WeatherByOCTests */ = {
			isa = PBXGroup;
			children = (
				4885C6AD1B63A27C00337FA2 /* WeatherByOCTests.m */,
				4885C6AB1B63A27C00337FA2 /* Supporting Files */,
			);
			path = WeatherByOCTests;
			sourceTree = "<group>";
		};
		4885C6AB1B63A27C00337FA2 /* Supporting Files */ = {
			isa = PBXGroup;
			children = (
				4885C6AC1B63A27C00337FA2 /* Info.plist */,
			);
			name = "Supporting Files";
			sourceTree = "<group>";
		};
		4885C6B71B63A46100337FA2 /* images */ = {
			isa = PBXGroup;
			children = (
				4885C6D81B63A51800337FA2 /* background.jpg */,
				4885C6B81B63A46100337FA2 /* Cloud-Refresh.png */,
				4885C6B91B63A46100337FA2 /* cloudy2.png */,
				4885C6BA1B63A46100337FA2 /* cloudy2_night.png */,
				4885C6BB1B63A46100337FA2 /* dunno.png */,
				4885C6BC1B63A46100337FA2 /* fog.png */,
				4885C6BD1B63A46100337FA2 /* fog_night.png */,
				4885C6BE1B63A46100337FA2 /* light_rain.png */,
				4885C6BF1B63A46100337FA2 /* overcast.png */,
				4885C6C01B63A46100337FA2 /* shower3.png */,
				4885C6C11B63A46100337FA2 /* snow4.png */,
				4885C6C21B63A46100337FA2 /* snow5.png */,
				4885C6C31B63A46100337FA2 /* sunny.png */,
				4885C6C41B63A46100337FA2 /* sunny_night.png */,
				4885C6C51B63A46100337FA2 /* tstorm1.png */,
				4885C6C61B63A46100337FA2 /* tstorm1_night.png */,
				4885C6C71B63A46100337FA2 /* tstorm3.png */,
			);
			path = images;
			sourceTree = "<group>";
		};
		4885C6DA1B64D8A700337FA2 /* ScreenShots */ = {
			isa = PBXGroup;
			children = (
				4885C6DB1B64D8D600337FA2 /* 1.png */,
			);
			name = ScreenShots;
			sourceTree = "<group>";
		};
		AEC796EEB23005227EAED5BF /* Frameworks */ = {
			isa = PBXGroup;
			children = (
				A262F6D0CD50516B3321BDC9 /* libPods.a */,
			);
			name = Frameworks;
			sourceTree = "<group>";
		};
		BE51EC22F7D1726B0D71596B /* Pods */ = {
			isa = PBXGroup;
			children = (
				1AB3145FECD26AECE1A9BC0C /* Pods.debug.xcconfig */,
				C3BEFA82F0BA66C9AD7B6B12 /* Pods.release.xcconfig */,
			);
			name = Pods;
			sourceTree = "<group>";
		};
/* End PBXGroup section */

/* Begin PBXNativeTarget section */
		4885C68D1B63A27C00337FA2 /* WeatherByOC */ = {
			isa = PBXNativeTarget;
			buildConfigurationList = 4885C6B11B63A27C00337FA2 /* Build configuration list for PBXNativeTarget "WeatherByOC" */;
			buildPhases = (
				A45810F02326E1A8B36495FF /* Check Pods Manifest.lock */,
				4885C68A1B63A27C00337FA2 /* Sources */,
				4885C68B1B63A27C00337FA2 /* Frameworks */,
				4885C68C1B63A27C00337FA2 /* Resources */,
				A65450D49FB035DECEDDB8BA /* Copy Pods Resources */,
			);
			buildRules = (
			);
			dependencies = (
			);
			name = WeatherByOC;
			productName = WeatherByOC;
			productReference = 4885C68E1B63A27C00337FA2 /* WeatherByOC.app */;
			productType = "com.apple.product-type.application";
		};
		4885C6A61B63A27C00337FA2 /* WeatherByOCTests */ = {
			isa = PBXNativeTarget;
			buildConfigurationList = 4885C6B41B63A27C00337FA2 /* Build configuration list for PBXNativeTarget "WeatherByOCTests" */;
			buildPhases = (
				4885C6A31B63A27C00337FA2 /* Sources */,
				4885C6A41B63A27C00337FA2 /* Frameworks */,
				4885C6A51B63A27C00337FA2 /* Resources */,
			);
			buildRules = (
			);
			dependencies = (
				4885C6A91B63A27C00337FA2 /* PBXTargetDependency */,
			);
			name = WeatherByOCTests;
			productName = WeatherByOCTests;
			productReference = 4885C6A71B63A27C00337FA2 /* WeatherByOCTests.xctest */;
			productType = "com.apple.product-type.bundle.unit-test";
		};
/* End PBXNativeTarget section */

/* Begin PBXProject section */
		4885C6861B63A27C00337FA2 /* Project object */ = {
			isa = PBXProject;
			attributes = {
				LastUpgradeCheck = 0640;
				ORGANIZATIONNAME = Kevin;
				TargetAttributes = {
					4885C68D1B63A27C00337FA2 = {
						CreatedOnToolsVersion = 6.4;
					};
					4885C6A61B63A27C00337FA2 = {
						CreatedOnToolsVersion = 6.4;
						TestTargetID = 4885C68D1B63A27C00337FA2;
					};
				};
			};
			buildConfigurationList = 4885C6891B63A27C00337FA2 /* Build configuration list for PBXProject "WeatherByOC" */;
			compatibilityVersion = "Xcode 3.2";
			developmentRegion = English;
			hasScannedForEncodings = 0;
			knownRegions = (
				en,
				Base,
			);
			mainGroup = 4885C6851B63A27C00337FA2;
			productRefGroup = 4885C68F1B63A27C00337FA2 /* Products */;
			projectDirPath = "";
			projectRoot = "";
			targets = (
				4885C68D1B63A27C00337FA2 /* WeatherByOC */,
				4885C6A61B63A27C00337FA2 /* WeatherByOCTests */,
			);
		};
/* End PBXProject section */

/* Begin PBXResourcesBuildPhase section */
		4885C68C1B63A27C00337FA2 /* Resources */ = {
			isa = PBXResourcesBuildPhase;
			buildActionMask = 2147483647;
			files = (
				4885C69D1B63A27C00337FA2 /* Main.storyboard in Resources */,
				4885C6D91B63A51800337FA2 /* background.jpg in Resources */,
				4885C6D61B63A46100337FA2 /* tstorm1_night.png in Resources */,
				4885C6A21B63A27C00337FA2 /* LaunchScreen.xib in Resources */,
				4885C6CE1B63A46100337FA2 /* light_rain.png in Resources */,
				4885C6D51B63A46100337FA2 /* tstorm1.png in Resources */,
				4885C6DC1B64D8D600337FA2 /* 1.png in Resources */,
				4885C6D71B63A46100337FA2 /* tstorm3.png in Resources */,
				4885C6CD1B63A46100337FA2 /* fog_night.png in Resources */,
				4885C6D11B63A46100337FA2 /* snow4.png in Resources */,
				4885C69F1B63A27C00337FA2 /* Images.xcassets in Resources */,
				4885C6D01B63A46100337FA2 /* shower3.png in Resources */,
				4885C6D31B63A46100337FA2 /* sunny.png in Resources */,
				4885C6D41B63A46100337FA2 /* sunny_night.png in Resources */,
				4885C6CA1B63A46100337FA2 /* cloudy2_night.png in Resources */,
				4885C6D21B63A46100337FA2 /* snow5.png in Resources */,
				4885C6CB1B63A46100337FA2 /* dunno.png in Resources */,
				4885C6C91B63A46100337FA2 /* cloudy2.png in Resources */,
				4885C6CC1B63A46100337FA2 /* fog.png in Resources */,
				4885C6CF1B63A46100337FA2 /* overcast.png in Resources */,
				4885C6C81B63A46100337FA2 /* Cloud-Refresh.png in Resources */,
			);
			runOnlyForDeploymentPostprocessing = 0;
		};
		4885C6A51B63A27C00337FA2 /* Resources */ = {
			isa = PBXResourcesBuildPhase;
			buildActionMask = 2147483647;
			files = (
			);
			runOnlyForDeploymentPostprocessing = 0;
		};
/* End PBXResourcesBuildPhase section */

/* Begin PBXShellScriptBuildPhase section */
		A45810F02326E1A8B36495FF /* Check Pods Manifest.lock */ = {
			isa = PBXShellScriptBuildPhase;
			buildActionMask = 2147483647;
			files = (
			);
			inputPaths = (
			);
			name = "Check Pods Manifest.lock";
			outputPaths = (
			);
			runOnlyForDeploymentPostprocessing = 0;
			shellPath = /bin/sh;
			shellScript = "diff \"${PODS_ROOT}/../Podfile.lock\" \"${PODS_ROOT}/Manifest.lock\" > /dev/null\nif [[ $? != 0 ]] ; then\n    cat << EOM\nerror: The sandbox is not in sync with the Podfile.lock. Run 'pod install' or update your CocoaPods installation.\nEOM\n    exit 1\nfi\n";
			showEnvVarsInLog = 0;
		};
		A65450D49FB035DECEDDB8BA /* Copy Pods Resources */ = {
			isa = PBXShellScriptBuildPhase;
			buildActionMask = 2147483647;
			files = (
			);
			inputPaths = (
			);
			name = "Copy Pods Resources";
			outputPaths = (
			);
			runOnlyForDeploymentPostprocessing = 0;
			shellPath = /bin/sh;
			shellScript = "\"${SRCROOT}/Pods/Target Support Files/Pods/Pods-resources.sh\"\n";
			showEnvVarsInLog = 0;
		};
/* End PBXShellScriptBuildPhase section */

/* Begin PBXSourcesBuildPhase section */
		4885C68A1B63A27C00337FA2 /* Sources */ = {
			isa = PBXSourcesBuildPhase;
			buildActionMask = 2147483647;
			files = (
				4885C69A1B63A27C00337FA2 /* ViewController.m in Sources */,
				4885C6971B63A27C00337FA2 /* AppDelegate.m in Sources */,
				4885C6941B63A27C00337FA2 /* main.m in Sources */,
			);
			runOnlyForDeploymentPostprocessing = 0;
		};
		4885C6A31B63A27C00337FA2 /* Sources */ = {
			isa = PBXSourcesBuildPhase;
			buildActionMask = 2147483647;
			files = (
				4885C6AE1B63A27C00337FA2 /* WeatherByOCTests.m in Sources */,
			);
			runOnlyForDeploymentPostprocessing = 0;
		};
/* End PBXSourcesBuildPhase section */

/* Begin PBXTargetDependency section */
		4885C6A91B63A27C00337FA2 /* PBXTargetDependency */ = {
			isa = PBXTargetDependency;
			target = 4885C68D1B63A27C00337FA2 /* WeatherByOC */;
			targetProxy = 4885C6A81B63A27C00337FA2 /* PBXContainerItemProxy */;
		};
/* End PBXTargetDependency section */

/* Begin PBXVariantGroup section */
		4885C69B1B63A27C00337FA2 /* Main.storyboard */ = {
			isa = PBXVariantGroup;
			children = (
				4885C69C1B63A27C00337FA2 /* Base */,
			);
			name = Main.storyboard;
			sourceTree = "<group>";
		};
		4885C6A01B63A27C00337FA2 /* LaunchScreen.xib */ = {
			isa = PBXVariantGroup;
			children = (
				4885C6A11B63A27C00337FA2 /* Base */,
			);
			name = LaunchScreen.xib;
			sourceTree = "<group>";
		};
/* End PBXVariantGroup section */

/* Begin XCBuildConfiguration section */
		4885C6AF1B63A27C00337FA2 /* Debug */ = {
			isa = XCBuildConfiguration;
			buildSettings = {
				ALWAYS_SEARCH_USER_PATHS = NO;
				CLANG_CXX_LANGUAGE_STANDARD = "gnu++0x";
				CLANG_CXX_LIBRARY = "libc++";
				CLANG_ENABLE_MODULES = YES;
				CLANG_ENABLE_OBJC_ARC = YES;
				CLANG_WARN_BOOL_CONVERSION = YES;
				CLANG_WARN_CONSTANT_CONVERSION = YES;
				CLANG_WARN_DIRECT_OBJC_ISA_USAGE = YES_ERROR;
				CLANG_WARN_EMPTY_BODY = YES;
				CLANG_WARN_ENUM_CONVERSION = YES;
				CLANG_WARN_INT_CONVERSION = YES;
				CLANG_WARN_OBJC_ROOT_CLASS = YES_ERROR;
				CLANG_WARN_UNREACHABLE_CODE = YES;
				CLANG_WARN__DUPLICATE_METHOD_MATCH = YES;
				"CODE_SIGN_IDENTITY[sdk=iphoneos*]" = "iPhone Developer";
				COPY_PHASE_STRIP = NO;
				DEBUG_INFORMATION_FORMAT = "dwarf-with-dsym";
				ENABLE_STRICT_OBJC_MSGSEND = YES;
				GCC_C_LANGUAGE_STANDARD = gnu99;
				GCC_DYNAMIC_NO_PIC = NO;
				GCC_NO_COMMON_BLOCKS = YES;
				GCC_OPTIMIZATION_LEVEL = 0;
				GCC_PREPROCESSOR_DEFINITIONS = (
					"DEBUG=1",
					"$(inherited)",
				);
				GCC_SYMBOLS_PRIVATE_EXTERN = NO;
				GCC_WARN_64_TO_32_BIT_CONVERSION = YES;
				GCC_WARN_ABOUT_RETURN_TYPE = YES_ERROR;
				GCC_WARN_UNDECLARED_SELECTOR = YES;
				GCC_WARN_UNINITIALIZED_AUTOS = YES_AGGRESSIVE;
				GCC_WARN_UNUSED_FUNCTION = YES;
				GCC_WARN_UNUSED_VARIABLE = YES;
				IPHONEOS_DEPLOYMENT_TARGET = 8.4;
				MTL_ENABLE_DEBUG_INFO = YES;
				ONLY_ACTIVE_ARCH = YES;
				SDKROOT = iphoneos;
			};
			name = Debug;
		};
		4885C6B01B63A27C00337FA2 /* Release */ = {
			isa = XCBuildConfiguration;
			buildSettings = {
				ALWAYS_SEARCH_USER_PATHS = NO;
				CLANG_CXX_LANGUAGE_STANDARD = "gnu++0x";
				CLANG_CXX_LIBRARY = "libc++";
				CLANG_ENABLE_MODULES = YES;
				CLANG_ENABLE_OBJC_ARC = YES;
				CLANG_WARN_BOOL_CONVERSION = YES;
				CLANG_WARN_CONSTANT_CONVERSION = YES;
				CLANG_WARN_DIRECT_OBJC_ISA_USAGE = YES_ERROR;
				CLANG_WARN_EMPTY_BODY = YES;
				CLANG_WARN_ENUM_CONVERSION = YES;
				CLANG_WARN_INT_CONVERSION = YES;
				CLANG_WARN_OBJC_ROOT_CLASS = YES_ERROR;
				CLANG_WARN_UNREACHABLE_CODE = YES;
				CLANG_WARN__DUPLICATE_METHOD_MATCH = YES;
				"CODE_SIGN_IDENTITY[sdk=iphoneos*]" = "iPhone Developer";
				COPY_PHASE_STRIP = NO;
				DEBUG_INFORMATION_FORMAT = "dwarf-with-dsym";
				ENABLE_NS_ASSERTIONS = NO;
				ENABLE_STRICT_OBJC_MSGSEND = YES;
				GCC_C_LANGUAGE_STANDARD = gnu99;
				GCC_NO_COMMON_BLOCKS = YES;
				GCC_WARN_64_TO_32_BIT_CONVERSION = YES;
				GCC_WARN_ABOUT_RETURN_TYPE = YES_ERROR;
				GCC_WARN_UNDECLARED_SELECTOR = YES;
				GCC_WARN_UNINITIALIZED_AUTOS = YES_AGGRESSIVE;
				GCC_WARN_UNUSED_FUNCTION = YES;
				GCC_WARN_UNUSED_VARIABLE = YES;
				IPHONEOS_DEPLOYMENT_TARGET = 8.4;
				MTL_ENABLE_DEBUG_INFO = NO;
				SDKROOT = iphoneos;
				VALIDATE_PRODUCT = YES;
			};
			name = Release;
		};
		4885C6B21B63A27C00337FA2 /* Debug */ = {
			isa = XCBuildConfiguration;
			baseConfigurationReference = 1AB3145FECD26AECE1A9BC0C /* Pods.debug.xcconfig */;
			buildSettings = {
				ASSETCATALOG_COMPILER_APPICON_NAME = AppIcon;
				INFOPLIST_FILE = WeatherByOC/Info.plist;
				LD_RUNPATH_SEARCH_PATHS = "$(inherited) @executable_path/Frameworks";
				PRODUCT_NAME = "$(TARGET_NAME)";
			};
			name = Debug;
		};
		4885C6B31B63A27C00337FA2 /* Release */ = {
			isa = XCBuildConfiguration;
			baseConfigurationReference = C3BEFA82F0BA66C9AD7B6B12 /* Pods.release.xcconfig */;
			buildSettings = {
				ASSETCATALOG_COMPILER_APPICON_NAME = AppIcon;
				INFOPLIST_FILE = WeatherByOC/Info.plist;
				LD_RUNPATH_SEARCH_PATHS = "$(inherited) @executable_path/Frameworks";
				PRODUCT_NAME = "$(TARGET_NAME)";
			};
			name = Release;
		};
		4885C6B51B63A27C00337FA2 /* Debug */ = {
			isa = XCBuildConfiguration;
			buildSettings = {
				BUNDLE_LOADER = "$(TEST_HOST)";
				FRAMEWORK_SEARCH_PATHS = (
					"$(SDKROOT)/Developer/Library/Frameworks",
					"$(inherited)",
				);
				GCC_PREPROCESSOR_DEFINITIONS = (
					"DEBUG=1",
					"$(inherited)",
				);
				INFOPLIST_FILE = WeatherByOCTests/Info.plist;
				LD_RUNPATH_SEARCH_PATHS = "$(inherited) @executable_path/Frameworks @loader_path/Frameworks";
				PRODUCT_NAME = "$(TARGET_NAME)";
				TEST_HOST = "$(BUILT_PRODUCTS_DIR)/WeatherByOC.app/WeatherByOC";
			};
			name = Debug;
		};
		4885C6B61B63A27C00337FA2 /* Release */ = {
			isa = XCBuildConfiguration;
			buildSettings = {
				BUNDLE_LOADER = "$(TEST_HOST)";
				FRAMEWORK_SEARCH_PATHS = (
					"$(SDKROOT)/Developer/Library/Frameworks",
					"$(inherited)",
				);
				INFOPLIST_FILE = WeatherByOCTests/Info.plist;
				LD_RUNPATH_SEARCH_PATHS = "$(inherited) @executable_path/Frameworks @loader_path/Frameworks";
				PRODUCT_NAME = "$(TARGET_NAME)";
				TEST_HOST = "$(BUILT_PRODUCTS_DIR)/WeatherByOC.app/WeatherByOC";
			};
			name = Release;
		};
/* End XCBuildConfiguration section */

/* Begin XCConfigurationList section */
		4885C6891B63A27C00337FA2 /* Build configuration list for PBXProject "WeatherByOC" */ = {
			isa = XCConfigurationList;
			buildConfigurations = (
				4885C6AF1B63A27C00337FA2 /* Debug */,
				4885C6B01B63A27C00337FA2 /* Release */,
			);
			defaultConfigurationIsVisible = 0;
			defaultConfigurationName = Release;
		};
		4885C6B11B63A27C00337FA2 /* Build configuration list for PBXNativeTarget "WeatherByOC" */ = {
			isa = XCConfigurationList;
			buildConfigurations = (
				4885C6B21B63A27C00337FA2 /* Debug */,
				4885C6B31B63A27C00337FA2 /* Release */,
			);
			defaultConfigurationIsVisible = 0;
			defaultConfigurationName = Release;
		};
		4885C6B41B63A27C00337FA2 /* Build configuration list for PBXNativeTarget "WeatherByOCTests" */ = {
			isa = XCConfigurationList;
			buildConfigurations = (
				4885C6B51B63A27C00337FA2 /* Debug */,
				4885C6B61B63A27C00337FA2 /* Release */,
			);
			defaultConfigurationIsVisible = 0;
			defaultConfigurationName = Release;
		};
/* End XCConfigurationList section */
	};
	rootObject = 4885C6861B63A27C00337FA2 /* Project object */;
}
